Microsoft Visual Studio Solution File, Format Version 12.00
# Visual Studio Version 17
VisualStudioVersion = 17.5.2.0
MinimumVisualStudioVersion = 10.0.40219.1
Project("{FAE04EC0-301F-11D3-BF4B-00C04F79EFBC}") = "Ex_02_12", "Ex_02_12.csproj", "{8AB0776C-A4CD-FC31-7C33-4B1DF3F64901}"
EndProject
Global
	GlobalSection(SolutionConfigurationPlatforms) = preSolution
		Debug|Any CPU = Debug|Any CPU
		Release|Any CPU = Release|Any CPU
	EndGlobalSection
	GlobalSection(ProjectConfigurationPlatforms) = postSolution
		{8AB0776C-A4CD-FC31-7C33-4B1DF3F64901}.Debug|Any CPU.ActiveCfg = Debug|Any CPU
		{8AB0776C-A4CD-FC31-7C33-4B1DF3F64901}.Debug|Any CPU.Build.0 = Debug|Any CPU
		{8AB0776C-A4CD-FC31-7C33-4B1DF3F64901}.Release|Any CPU.ActiveCfg = Release|Any CPU
		{8AB0776C-A4CD-FC31-7C33-4B1DF3F64901}.Release|Any CPU.Build.0 = Release|Any CPU
	EndGlobalSection
	GlobalSection(SolutionProperties) = preSolution
		HideSolutionNode = FALSE
	EndGlobalSection
	GlobalSection(ExtensibilityGlobals) = postSolution
		SolutionGuid = {3278BFEA-34DB-4331-8B7A-E646E2B39D1C}
	EndGlobalSection
EndGlobal
