Microsoft Visual Studio Solution File, Format Version 12.00
# Visual Studio Version 17
VisualStudioVersion = 17.5.2.0
MinimumVisualStudioVersion = 10.0.40219.1
Project("{FAE04EC0-301F-11D3-BF4B-00C04F79EFBC}") = "Ex_02_10", "Ex_02_10.csproj", "{CC536AB0-8060-9B9F-E0C5-BE9A07825BD2}"
EndProject
Global
	GlobalSection(SolutionConfigurationPlatforms) = preSolution
		Debug|Any CPU = Debug|Any CPU
		Release|Any CPU = Release|Any CPU
	EndGlobalSection
	GlobalSection(ProjectConfigurationPlatforms) = postSolution
		{CC536AB0-8060-9B9F-E0C5-BE9A07825BD2}.Debug|Any CPU.ActiveCfg = Debug|Any CPU
		{CC536AB0-8060-9B9F-E0C5-BE9A07825BD2}.Debug|Any CPU.Build.0 = Debug|Any CPU
		{CC536AB0-8060-9B9F-E0C5-BE9A07825BD2}.Release|Any CPU.ActiveCfg = Release|Any CPU
		{CC536AB0-8060-9B9F-E0C5-BE9A07825BD2}.Release|Any CPU.Build.0 = Release|Any CPU
	EndGlobalSection
	GlobalSection(SolutionProperties) = preSolution
		HideSolutionNode = FALSE
	EndGlobalSection
	GlobalSection(ExtensibilityGlobals) = postSolution
		SolutionGuid = {13E77182-39C6-474D-943B-1B198AE54539}
	EndGlobalSection
EndGlobal
