Microsoft Visual Studio Solution File, Format Version 12.00
# Visual Studio Version 17
VisualStudioVersion = 17.5.2.0
MinimumVisualStudioVersion = 10.0.40219.1
Project("{FAE04EC0-301F-11D3-BF4B-00C04F79EFBC}") = "Ex_02_03", "Ex_02_03.csproj", "{6D36FB77-BD9F-470B-6A74-D7C63A98A262}"
EndProject
Global
	GlobalSection(SolutionConfigurationPlatforms) = preSolution
		Debug|Any CPU = Debug|Any CPU
		Release|Any CPU = Release|Any CPU
	EndGlobalSection
	GlobalSection(ProjectConfigurationPlatforms) = postSolution
		{6D36FB77-BD9F-470B-6A74-D7C63A98A262}.Debug|Any CPU.ActiveCfg = Debug|Any CPU
		{6D36FB77-BD9F-470B-6A74-D7C63A98A262}.Debug|Any CPU.Build.0 = Debug|Any CPU
		{6D36FB77-BD9F-470B-6A74-D7C63A98A262}.Release|Any CPU.ActiveCfg = Release|Any CPU
		{6D36FB77-BD9F-470B-6A74-D7C63A98A262}.Release|Any CPU.Build.0 = Release|Any CPU
	EndGlobalSection
	GlobalSection(SolutionProperties) = preSolution
		HideSolutionNode = FALSE
	EndGlobalSection
	GlobalSection(ExtensibilityGlobals) = postSolution
		SolutionGuid = {5A07C9CA-6FAB-4D2D-A186-0732C9A5C765}
	EndGlobalSection
EndGlobal
