Microsoft Visual Studio Solution File, Format Version 12.00
# Visual Studio Version 17
VisualStudioVersion = 17.5.2.0
MinimumVisualStudioVersion = 10.0.40219.1
Project("{FAE04EC0-301F-11D3-BF4B-00C04F79EFBC}") = "Ex_02_05", "Ex_02_05.csproj", "{2B59A8BE-9765-FA01-9591-86F38430EEDF}"
EndProject
Global
	GlobalSection(SolutionConfigurationPlatforms) = preSolution
		Debug|Any CPU = Debug|Any CPU
		Release|Any CPU = Release|Any CPU
	EndGlobalSection
	GlobalSection(ProjectConfigurationPlatforms) = postSolution
		{2B59A8BE-9765-FA01-9591-86F38430EEDF}.Debug|Any CPU.ActiveCfg = Debug|Any CPU
		{2B59A8BE-9765-FA01-9591-86F38430EEDF}.Debug|Any CPU.Build.0 = Debug|Any CPU
		{2B59A8BE-9765-FA01-9591-86F38430EEDF}.Release|Any CPU.ActiveCfg = Release|Any CPU
		{2B59A8BE-9765-FA01-9591-86F38430EEDF}.Release|Any CPU.Build.0 = Release|Any CPU
	EndGlobalSection
	GlobalSection(SolutionProperties) = preSolution
		HideSolutionNode = FALSE
	EndGlobalSection
	GlobalSection(ExtensibilityGlobals) = postSolution
		SolutionGuid = {F91AB15A-7F71-41F5-9CE5-A2E28BDBDC63}
	EndGlobalSection
EndGlobal
